// !$*UTF8*$!
{
	archiveVersion = 1;
	classes = {
	};
	objectVersion = 46;
	objects = {

/* Begin PBXBuildFile section */
		A1CC80731E444B4200465A52 /* main.m in Sources */ = {isa = PBXBuildFile; fileRef = A1CC80721E444B4200465A52 /* main.m */; };
		A1CC80761E444B4200465A52 /* AppDelegate.m in Sources */ = {isa = PBXBuildFile; fileRef = A1CC80751E444B4200465A52 /* AppDelegate.m */; };
		A1CC80791E444B4200465A52 /* ViewController.m in Sources */ = {isa = PBXBuildFile; fileRef = A1CC80781E444B4200465A52 /* ViewController.m */; };
		A1CC807C1E444B4200465A52 /* Main.storyboard in Resources */ = {isa = PBXBuildFile; fileRef = A1CC807A1E444B4200465A52 /* Main.storyboard */; };
		A1CC807E1E444B4200465A52 /* Assets.xcassets in Resources */ = {isa = PBXBuildFile; fileRef = A1CC807D1E444B4200465A52 /* Assets.xcassets */; };
		A1CC80811E444B4200465A52 /* LaunchScreen.storyboard in Resources */ = {isa = PBXBuildFile; fileRef = A1CC807F1E444B4200465A52 /* LaunchScreen.storyboard */; };
		A1CC808C1E444B4200465A52 /* UIWebViewDemoTests.m in Sources */ = {isa = PBXBuildFile; fileRef = A1CC808B1E444B4200465A52 /* UIWebViewDemoTests.m */; };
		A1CC80971E444B4200465A52 /* UIWebViewDemoUITests.m in Sources */ = {isa = PBXBuildFile; fileRef = A1CC80961E444B4200465A52 /* UIWebViewDemoUITests.m */; };
		A1CC80A61E444B9400465A52 /* NSObject+Category.m in Sources */ = {isa = PBXBuildFile; fileRef = A1CC80A51E444B9400465A52 /* NSObject+Category.m */; };
		A1CC80A91E444BC200465A52 /* WebViewDelegateManager.m in Sources */ = {isa = PBXBuildFile; fileRef = A1CC80A81E444BC200465A52 /* WebViewDelegateManager.m */; };
		A1CC80AD1E444C4C00465A52 /* WebViewController.m in Sources */ = {isa = PBXBuildFile; fileRef = A1CC80AC1E444C4C00465A52 /* WebViewController.m */; };
		A1CC80B01E444DB900465A52 /* JavaScriptCore.framework in Frameworks */ = {isa = PBXBuildFile; fileRef = A1CC80AF1E444DB900465A52 /* JavaScriptCore.framework */; };
/* End PBXBuildFile section */

/* Begin PBXContainerItemProxy section */
		A1CC80881E444B4200465A52 /* PBXContainerItemProxy */ = {
			isa = PBXContainerItemProxy;
			containerPortal = A1CC80661E444B4200465A52 /* Project object */;
			proxyType = 1;
			remoteGlobalIDString = A1CC806D1E444B4200465A52;
			remoteInfo = UIWebViewDemo;
		};
		A1CC80931E444B4200465A52 /* PBXContainerItemProxy */ = {
			isa = PBXContainerItemProxy;
			containerPortal = A1CC80661E444B4200465A52 /* Project object */;
			proxyType = 1;
			remoteGlobalIDString = A1CC806D1E444B4200465A52;
			remoteInfo = UIWebViewDemo;
		};
/* End PBXContainerItemProxy section */

/* Begin PBXFileReference section */
		A1CC806E1E444B4200465A52 /* UIWebViewDemo.app */ = {isa = PBXFileReference; explicitFileType = wrapper.application; includeInIndex = 0; path = UIWebViewDemo.app; sourceTree = BUILT_PRODUCTS_DIR; };
		A1CC80721E444B4200465A52 /* main.m */ = {isa = PBXFileReference; lastKnownFileType = sourcecode.c.objc; path = main.m; sourceTree = "<group>"; };
		A1CC80741E444B4200465A52 /* AppDelegate.h */ = {isa = PBXFileReference; lastKnownFileType = sourcecode.c.h; path = AppDelegate.h; sourceTree = "<group>"; };
		A1CC80751E444B4200465A52 /* AppDelegate.m */ = {isa = PBXFileReference; lastKnownFileType = sourcecode.c.objc; path = AppDelegate.m; sourceTree = "<group>"; };
		A1CC80771E444B4200465A52 /* ViewController.h */ = {isa = PBXFileReference; lastKnownFileType = sourcecode.c.h; path = ViewController.h; sourceTree = "<group>"; };
		A1CC80781E444B4200465A52 /* ViewController.m */ = {isa = PBXFileReference; lastKnownFileType = sourcecode.c.objc; path = ViewController.m; sourceTree = "<group>"; };
		A1CC807B1E444B4200465A52 /* Base */ = {isa = PBXFileReference; lastKnownFileType = file.storyboard; name = Base; path = Base.lproj/Main.storyboard; sourceTree = "<group>"; };
		A1CC807D1E444B4200465A52 /* Assets.xcassets */ = {isa = PBXFileReference; lastKnownFileType = folder.assetcatalog; path = Assets.xcassets; sourceTree = "<group>"; };
		A1CC80801E444B4200465A52 /* Base */ = {isa = PBXFileReference; lastKnownFileType = file.storyboard; name = Base; path = Base.lproj/LaunchScreen.storyboard; sourceTree = "<group>"; };
		A1CC80821E444B4200465A52 /* Info.plist */ = {isa = PBXFileReference; lastKnownFileType = text.plist.xml; path = Info.plist; sourceTree = "<group>"; };
		A1CC80871E444B4200465A52 /* UIWebViewDemoTests.xctest */ = {isa = PBXFileReference; explicitFileType = wrapper.cfbundle; includeInIndex = 0; path = UIWebViewDemoTests.xctest; sourceTree = BUILT_PRODUCTS_DIR; };
		A1CC808B1E444B4200465A52 /* UIWebViewDemoTests.m */ = {isa = PBXFileReference; lastKnownFileType = sourcecode.c.objc; path = UIWebViewDemoTests.m; sourceTree = "<group>"; };
		A1CC808D1E444B4200465A52 /* Info.plist */ = {isa = PBXFileReference; lastKnownFileType = text.plist.xml; path = Info.plist; sourceTree = "<group>"; };
		A1CC80921E444B4200465A52 /* UIWebViewDemoUITests.xctest */ = {isa = PBXFileReference; explicitFileType = wrapper.cfbundle; includeInIndex = 0; path = UIWebViewDemoUITests.xctest; sourceTree = BUILT_PRODUCTS_DIR; };
		A1CC80961E444B4200465A52 /* UIWebViewDemoUITests.m */ = {isa = PBXFileReference; lastKnownFileType = sourcecode.c.objc; path = UIWebViewDemoUITests.m; sourceTree = "<group>"; };
		A1CC80981E444B4200465A52 /* Info.plist */ = {isa = PBXFileReference; lastKnownFileType = text.plist.xml; path = Info.plist; sourceTree = "<group>"; };
		A1CC80A41E444B9400465A52 /* NSObject+Category.h */ = {isa = PBXFileReference; fileEncoding = 4; lastKnownFileType = sourcecode.c.h; path = "NSObject+Category.h"; sourceTree = "<group>"; };
		A1CC80A51E444B9400465A52 /* NSObject+Category.m */ = {isa = PBXFileReference; fileEncoding = 4; lastKnownFileType = sourcecode.c.objc; path = "NSObject+Category.m"; sourceTree = "<group>"; };
		A1CC80A71E444BC200465A52 /* WebViewDelegateManager.h */ = {isa = PBXFileReference; fileEncoding = 4; lastKnownFileType = sourcecode.c.h; path = WebViewDelegateManager.h; sourceTree = "<group>"; };
		A1CC80A81E444BC200465A52 /* WebViewDelegateManager.m */ = {isa = PBXFileReference; fileEncoding = 4; lastKnownFileType = sourcecode.c.objc; path = WebViewDelegateManager.m; sourceTree = "<group>"; };
		A1CC80AA1E444C0B00465A52 /* UICommonMacro.h */ = {isa = PBXFileReference; lastKnownFileType = sourcecode.c.h; path = UICommonMacro.h; sourceTree = "<group>"; };
		A1CC80AB1E444C4C00465A52 /* WebViewController.h */ = {isa = PBXFileReference; fileEncoding = 4; lastKnownFileType = sourcecode.c.h; path = WebViewController.h; sourceTree = "<group>"; };
		A1CC80AC1E444C4C00465A52 /* WebViewController.m */ = {isa = PBXFileReference; fileEncoding = 4; lastKnownFileType = sourcecode.c.objc; path = WebViewController.m; sourceTree = "<group>"; };
		A1CC80AF1E444DB900465A52 /* JavaScriptCore.framework */ = {isa = PBXFileReference; lastKnownFileType = wrapper.framework; name = JavaScriptCore.framework; path = System/Library/Frameworks/JavaScriptCore.framework; sourceTree = SDKROOT; };
/* End PBXFileReference section */

/* Begin PBXFrameworksBuildPhase section */
		A1CC806B1E444B4200465A52 /* Frameworks */ = {
			isa = PBXFrameworksBuildPhase;
			buildActionMask = 2147483647;
			files = (
				A1CC80B01E444DB900465A52 /* JavaScriptCore.framework in Frameworks */,
			);
			runOnlyForDeploymentPostprocessing = 0;
		};
		A1CC80841E444B4200465A52 /* Frameworks */ = {
			isa = PBXFrameworksBuildPhase;
			buildActionMask = 2147483647;
			files = (
			);
			runOnlyForDeploymentPostprocessing = 0;
		};
		A1CC808F1E444B4200465A52 /* Frameworks */ = {
			isa = PBXFrameworksBuildPhase;
			buildActionMask = 2147483647;
			files = (
			);
			runOnlyForDeploymentPostprocessing = 0;
		};
/* End PBXFrameworksBuildPhase section */

/* Begin PBXGroup section */
		A1CC80651E444B4200465A52 = {
			isa = PBXGroup;
			children = (
				A1CC80701E444B4200465A52 /* UIWebViewDemo */,
				A1CC808A1E444B4200465A52 /* UIWebViewDemoTests */,
				A1CC80951E444B4200465A52 /* UIWebViewDemoUITests */,
				A1CC806F1E444B4200465A52 /* Products */,
				A1CC80AE1E444DB900465A52 /* Frameworks */,
			);
			sourceTree = "<group>";
		};
		A1CC806F1E444B4200465A52 /* Products */ = {
			isa = PBXGroup;
			children = (
				A1CC806E1E444B4200465A52 /* UIWebViewDemo.app */,
				A1CC80871E444B4200465A52 /* UIWebViewDemoTests.xctest */,
				A1CC80921E444B4200465A52 /* UIWebViewDemoUITests.xctest */,
			);
			name = Products;
			sourceTree = "<group>";
		};
		A1CC80701E444B4200465A52 /* UIWebViewDemo */ = {
			isa = PBXGroup;
			children = (
				A1CC80741E444B4200465A52 /* AppDelegate.h */,
				A1CC80751E444B4200465A52 /* AppDelegate.m */,
				A1CC80AA1E444C0B00465A52 /* UICommonMacro.h */,
				A1CC80A41E444B9400465A52 /* NSObject+Category.h */,
				A1CC80A51E444B9400465A52 /* NSObject+Category.m */,
				A1CC80A71E444BC200465A52 /* WebViewDelegateManager.h */,
				A1CC80A81E444BC200465A52 /* WebViewDelegateManager.m */,
				A1CC80771E444B4200465A52 /* ViewController.h */,
				A1CC80781E444B4200465A52 /* ViewController.m */,
				A1CC80AB1E444C4C00465A52 /* WebViewController.h */,
				A1CC80AC1E444C4C00465A52 /* WebViewController.m */,
				A1CC807A1E444B4200465A52 /* Main.storyboard */,
				A1CC807D1E444B4200465A52 /* Assets.xcassets */,
				A1CC807F1E444B4200465A52 /* LaunchScreen.storyboard */,
				A1CC80821E444B4200465A52 /* Info.plist */,
				A1CC80711E444B4200465A52 /* Supporting Files */,
			);
			path = UIWebViewDemo;
			sourceTree = "<group>";
		};
		A1CC80711E444B4200465A52 /* Supporting Files */ = {
			isa = PBXGroup;
			children = (
				A1CC80721E444B4200465A52 /* main.m */,
			);
			name = "Supporting Files";
			sourceTree = "<group>";
		};
		A1CC808A1E444B4200465A52 /* UIWebViewDemoTests */ = {
			isa = PBXGroup;
			children = (
				A1CC808B1E444B4200465A52 /* UIWebViewDemoTests.m */,
				A1CC808D1E444B4200465A52 /* Info.plist */,
			);
			path = UIWebViewDemoTests;
			sourceTree = "<group>";
		};
		A1CC80951E444B4200465A52 /* UIWebViewDemoUITests */ = {
			isa = PBXGroup;
			children = (
				A1CC80961E444B4200465A52 /* UIWebViewDemoUITests.m */,
				A1CC80981E444B4200465A52 /* Info.plist */,
			);
			path = UIWebViewDemoUITests;
			sourceTree = "<group>";
		};
		A1CC80AE1E444DB900465A52 /* Frameworks */ = {
			isa = PBXGroup;
			children = (
				A1CC80AF1E444DB900465A52 /* JavaScriptCore.framework */,
			);
			name = Frameworks;
			sourceTree = "<group>";
		};
/* End PBXGroup section */

/* Begin PBXNativeTarget section */
		A1CC806D1E444B4200465A52 /* UIWebViewDemo */ = {
			isa = PBXNativeTarget;
			buildConfigurationList = A1CC809B1E444B4200465A52 /* Build configuration list for PBXNativeTarget "UIWebViewDemo" */;
			buildPhases = (
				A1CC806A1E444B4200465A52 /* Sources */,
				A1CC806B1E444B4200465A52 /* Frameworks */,
				A1CC806C1E444B4200465A52 /* Resources */,
			);
			buildRules = (
			);
			dependencies = (
			);
			name = UIWebViewDemo;
			productName = UIWebViewDemo;
			productReference = A1CC806E1E444B4200465A52 /* UIWebViewDemo.app */;
			productType = "com.apple.product-type.application";
		};
		A1CC80861E444B4200465A52 /* UIWebViewDemoTests */ = {
			isa = PBXNativeTarget;
			buildConfigurationList = A1CC809E1E444B4200465A52 /* Build configuration list for PBXNativeTarget "UIWebViewDemoTests" */;
			buildPhases = (
				A1CC80831E444B4200465A52 /* Sources */,
				A1CC80841E444B4200465A52 /* Frameworks */,
				A1CC80851E444B4200465A52 /* Resources */,
			);
			buildRules = (
			);
			dependencies = (
				A1CC80891E444B4200465A52 /* PBXTargetDependency */,
			);
			name = UIWebViewDemoTests;
			productName = UIWebViewDemoTests;
			productReference = A1CC80871E444B4200465A52 /* UIWebViewDemoTests.xctest */;
			productType = "com.apple.product-type.bundle.unit-test";
		};
		A1CC80911E444B4200465A52 /* UIWebViewDemoUITests */ = {
			isa = PBXNativeTarget;
			buildConfigurationList = A1CC80A11E444B4200465A52 /* Build configuration list for PBXNativeTarget "UIWebViewDemoUITests" */;
			buildPhases = (
				A1CC808E1E444B4200465A52 /* Sources */,
				A1CC808F1E444B4200465A52 /* Frameworks */,
				A1CC80901E444B4200465A52 /* Resources */,
			);
			buildRules = (
			);
			dependencies = (
				A1CC80941E444B4200465A52 /* PBXTargetDependency */,
			);
			name = UIWebViewDemoUITests;
			productName = UIWebViewDemoUITests;
			productReference = A1CC80921E444B4200465A52 /* UIWebViewDemoUITests.xctest */;
			productType = "com.apple.product-type.bundle.ui-testing";
		};
/* End PBXNativeTarget section */

/* Begin PBXProject section */
		A1CC80661E444B4200465A52 /* Project object */ = {
			isa = PBXProject;
			attributes = {
				LastUpgradeCheck = 0820;
				ORGANIZATIONNAME = xiaolin;
				TargetAttributes = {
					A1CC806D1E444B4200465A52 = {
						CreatedOnToolsVersion = 8.2.1;
						ProvisioningStyle = Automatic;
					};
					A1CC80861E444B4200465A52 = {
						CreatedOnToolsVersion = 8.2.1;
						ProvisioningStyle = Automatic;
						TestTargetID = A1CC806D1E444B4200465A52;
					};
					A1CC80911E444B4200465A52 = {
						CreatedOnToolsVersion = 8.2.1;
						ProvisioningStyle = Automatic;
						TestTargetID = A1CC806D1E444B4200465A52;
					};
				};
			};
			buildConfigurationList = A1CC80691E444B4200465A52 /* Build configuration list for PBXProject "UIWebViewDemo" */;
			compatibilityVersion = "Xcode 3.2";
			developmentRegion = English;
			hasScannedForEncodings = 0;
			knownRegions = (
				en,
				Base,
			);
			mainGroup = A1CC80651E444B4200465A52;
			productRefGroup = A1CC806F1E444B4200465A52 /* Products */;
			projectDirPath = "";
			projectRoot = "";
			targets = (
				A1CC806D1E444B4200465A52 /* UIWebViewDemo */,
				A1CC80861E444B4200465A52 /* UIWebViewDemoTests */,
				A1CC80911E444B4200465A52 /* UIWebViewDemoUITests */,
			);
		};
/* End PBXProject section */

/* Begin PBXResourcesBuildPhase section */
		A1CC806C1E444B4200465A52 /* Resources */ = {
			isa = PBXResourcesBuildPhase;
			buildActionMask = 2147483647;
			files = (
				A1CC80811E444B4200465A52 /* LaunchScreen.storyboard in Resources */,
				A1CC807E1E444B4200465A52 /* Assets.xcassets in Resources */,
				A1CC807C1E444B4200465A52 /* Main.storyboard in Resources */,
			);
			runOnlyForDeploymentPostprocessing = 0;
		};
		A1CC80851E444B4200465A52 /* Resources */ = {
			isa = PBXResourcesBuildPhase;
			buildActionMask = 2147483647;
			files = (
			);
			runOnlyForDeploymentPostprocessing = 0;
		};
		A1CC80901E444B4200465A52 /* Resources */ = {
			isa = PBXResourcesBuildPhase;
			buildActionMask = 2147483647;
			files = (
			);
			runOnlyForDeploymentPostprocessing = 0;
		};
/* End PBXResourcesBuildPhase section */

/* Begin PBXSourcesBuildPhase section */
		A1CC806A1E444B4200465A52 /* Sources */ = {
			isa = PBXSourcesBuildPhase;
			buildActionMask = 2147483647;
			files = (
				A1CC80791E444B4200465A52 /* ViewController.m in Sources */,
				A1CC80AD1E444C4C00465A52 /* WebViewController.m in Sources */,
				A1CC80761E444B4200465A52 /* AppDelegate.m in Sources */,
				A1CC80731E444B4200465A52 /* main.m in Sources */,
				A1CC80A91E444BC200465A52 /* WebViewDelegateManager.m in Sources */,
				A1CC80A61E444B9400465A52 /* NSObject+Category.m in Sources */,
			);
			runOnlyForDeploymentPostprocessing = 0;
		};
		A1CC80831E444B4200465A52 /* Sources */ = {
			isa = PBXSourcesBuildPhase;
			buildActionMask = 2147483647;
			files = (
				A1CC808C1E444B4200465A52 /* UIWebViewDemoTests.m in Sources */,
			);
			runOnlyForDeploymentPostprocessing = 0;
		};
		A1CC808E1E444B4200465A52 /* Sources */ = {
			isa = PBXSourcesBuildPhase;
			buildActionMask = 2147483647;
			files = (
				A1CC80971E444B4200465A52 /* UIWebViewDemoUITests.m in Sources */,
			);
			runOnlyForDeploymentPostprocessing = 0;
		};
/* End PBXSourcesBuildPhase section */

/* Begin PBXTargetDependency section */
		A1CC80891E444B4200465A52 /* PBXTargetDependency */ = {
			isa = PBXTargetDependency;
			target = A1CC806D1E444B4200465A52 /* UIWebViewDemo */;
			targetProxy = A1CC80881E444B4200465A52 /* PBXContainerItemProxy */;
		};
		A1CC80941E444B4200465A52 /* PBXTargetDependency */ = {
			isa = PBXTargetDependency;
			target = A1CC806D1E444B4200465A52 /* UIWebViewDemo */;
			targetProxy = A1CC80931E444B4200465A52 /* PBXContainerItemProxy */;
		};
/* End PBXTargetDependency section */

/* Begin PBXVariantGroup section */
		A1CC807A1E444B4200465A52 /* Main.storyboard */ = {
			isa = PBXVariantGroup;
			children = (
				A1CC807B1E444B4200465A52 /* Base */,
			);
			name = Main.storyboard;
			sourceTree = "<group>";
		};
		A1CC807F1E444B4200465A52 /* LaunchScreen.storyboard */ = {
			isa = PBXVariantGroup;
			children = (
				A1CC80801E444B4200465A52 /* Base */,
			);
			name = LaunchScreen.storyboard;
			sourceTree = "<group>";
		};
/* End PBXVariantGroup section */

/* Begin XCBuildConfiguration section */
		A1CC80991E444B4200465A52 /* Debug */ = {
			isa = XCBuildConfiguration;
			buildSettings = {
				ALWAYS_SEARCH_USER_PATHS = NO;
				CLANG_ANALYZER_NONNULL = YES;
				CLANG_CXX_LANGUAGE_STANDARD = "gnu++0x";
				CLANG_CXX_LIBRARY = "libc++";
				CLANG_ENABLE_MODULES = YES;
				CLANG_ENABLE_OBJC_ARC = YES;
				CLANG_WARN_BOOL_CONVERSION = YES;
				CLANG_WARN_CONSTANT_CONVERSION = YES;
				CLANG_WARN_DIRECT_OBJC_ISA_USAGE = YES_ERROR;
				CLANG_WARN_DOCUMENTATION_COMMENTS = YES;
				CLANG_WARN_EMPTY_BODY = YES;
				CLANG_WARN_ENUM_CONVERSION = YES;
				CLANG_WARN_INFINITE_RECURSION = YES;
				CLANG_WARN_INT_CONVERSION = YES;
				CLANG_WARN_OBJC_ROOT_CLASS = YES_ERROR;
				CLANG_WARN_SUSPICIOUS_MOVE = YES;
				CLANG_WARN_UNREACHABLE_CODE = YES;
				CLANG_WARN__DUPLICATE_METHOD_MATCH = YES;
				"CODE_SIGN_IDENTITY[sdk=iphoneos*]" = "iPhone Developer";
				COPY_PHASE_STRIP = NO;
				DEBUG_INFORMATION_FORMAT = dwarf;
				ENABLE_STRICT_OBJC_MSGSEND = YES;
				ENABLE_TESTABILITY = YES;
				GCC_C_LANGUAGE_STANDARD = gnu99;
				GCC_DYNAMIC_NO_PIC = NO;
				GCC_NO_COMMON_BLOCKS = YES;
				GCC_OPTIMIZATION_LEVEL = 0;
				GCC_PREPROCESSOR_DEFINITIONS = (
					"DEBUG=1",
					"$(inherited)",
				);
				GCC_WARN_64_TO_32_BIT_CONVERSION = YES;
				GCC_WARN_ABOUT_RETURN_TYPE = YES_ERROR;
				GCC_WARN_UNDECLARED_SELECTOR = YES;
				GCC_WARN_UNINITIALIZED_AUTOS = YES_AGGRESSIVE;
				GCC_WARN_UNUSED_FUNCTION = YES;
				GCC_WARN_UNUSED_VARIABLE = YES;
				IPHONEOS_DEPLOYMENT_TARGET = 10.2;
				MTL_ENABLE_DEBUG_INFO = YES;
				ONLY_ACTIVE_ARCH = YES;
				SDKROOT = iphoneos;
			};
			name = Debug;
		};
		A1CC809A1E444B4200465A52 /* Release */ = {
			isa = XCBuildConfiguration;
			buildSettings = {
				ALWAYS_SEARCH_USER_PATHS = NO;
				CLANG_ANALYZER_NONNULL = YES;
				CLANG_CXX_LANGUAGE_STANDARD = "gnu++0x";
				CLANG_CXX_LIBRARY = "libc++";
				CLANG_ENABLE_MODULES = YES;
				CLANG_ENABLE_OBJC_ARC = YES;
				CLANG_WARN_BOOL_CONVERSION = YES;
				CLANG_WARN_CONSTANT_CONVERSION = YES;
				CLANG_WARN_DIRECT_OBJC_ISA_USAGE = YES_ERROR;
				CLANG_WARN_DOCUMENTATION_COMMENTS = YES;
				CLANG_WARN_EMPTY_BODY = YES;
				CLANG_WARN_ENUM_CONVERSION = YES;
				CLANG_WARN_INFINITE_RECURSION = YES;
				CLANG_WARN_INT_CONVERSION = YES;
				CLANG_WARN_OBJC_ROOT_CLASS = YES_ERROR;
				CLANG_WARN_SUSPICIOUS_MOVE = YES;
				CLANG_WARN_UNREACHABLE_CODE = YES;
				CLANG_WARN__DUPLICATE_METHOD_MATCH = YES;
				"CODE_SIGN_IDENTITY[sdk=iphoneos*]" = "iPhone Developer";
				COPY_PHASE_STRIP = NO;
				DEBUG_INFORMATION_FORMAT = "dwarf-with-dsym";
				ENABLE_NS_ASSERTIONS = NO;
				ENABLE_STRICT_OBJC_MSGSEND = YES;
				GCC_C_LANGUAGE_STANDARD = gnu99;
				GCC_NO_COMMON_BLOCKS = YES;
				GCC_WARN_64_TO_32_BIT_CONVERSION = YES;
				GCC_WARN_ABOUT_RETURN_TYPE = YES_ERROR;
				GCC_WARN_UNDECLARED_SELECTOR = YES;
				GCC_WARN_UNINITIALIZED_AUTOS = YES_AGGRESSIVE;
				GCC_WARN_UNUSED_FUNCTION = YES;
				GCC_WARN_UNUSED_VARIABLE = YES;
				IPHONEOS_DEPLOYMENT_TARGET = 10.2;
				MTL_ENABLE_DEBUG_INFO = NO;
				SDKROOT = iphoneos;
				VALIDATE_PRODUCT = YES;
			};
			name = Release;
		};
		A1CC809C1E444B4200465A52 /* Debug */ = {
			isa = XCBuildConfiguration;
			buildSettings = {
				ASSETCATALOG_COMPILER_APPICON_NAME = AppIcon;
				INFOPLIST_FILE = UIWebViewDemo/Info.plist;
				LD_RUNPATH_SEARCH_PATHS = "$(inherited) @executable_path/Frameworks";
				PRODUCT_BUNDLE_IDENTIFIER = xiaolin.UIWebViewDemo;
				PRODUCT_NAME = "$(TARGET_NAME)";
			};
			name = Debug;
		};
		A1CC809D1E444B4200465A52 /* Release */ = {
			isa = XCBuildConfiguration;
			buildSettings = {
				ASSETCATALOG_COMPILER_APPICON_NAME = AppIcon;
				INFOPLIST_FILE = UIWebViewDemo/Info.plist;
				LD_RUNPATH_SEARCH_PATHS = "$(inherited) @executable_path/Frameworks";
				PRODUCT_BUNDLE_IDENTIFIER = xiaolin.UIWebViewDemo;
				PRODUCT_NAME = "$(TARGET_NAME)";
			};
			name = Release;
		};
		A1CC809F1E444B4200465A52 /* Debug */ = {
			isa = XCBuildConfiguration;
			buildSettings = {
				BUNDLE_LOADER = "$(TEST_HOST)";
				INFOPLIST_FILE = UIWebViewDemoTests/Info.plist;
				LD_RUNPATH_SEARCH_PATHS = "$(inherited) @executable_path/Frameworks @loader_path/Frameworks";
				PRODUCT_BUNDLE_IDENTIFIER = xiaolin.UIWebViewDemoTests;
				PRODUCT_NAME = "$(TARGET_NAME)";
				TEST_HOST = "$(BUILT_PRODUCTS_DIR)/UIWebViewDemo.app/UIWebViewDemo";
			};
			name = Debug;
		};
		A1CC80A01E444B4200465A52 /* Release */ = {
			isa = XCBuildConfiguration;
			buildSettings = {
				BUNDLE_LOADER = "$(TEST_HOST)";
				INFOPLIST_FILE = UIWebViewDemoTests/Info.plist;
				LD_RUNPATH_SEARCH_PATHS = "$(inherited) @executable_path/Frameworks @loader_path/Frameworks";
				PRODUCT_BUNDLE_IDENTIFIER = xiaolin.UIWebViewDemoTests;
				PRODUCT_NAME = "$(TARGET_NAME)";
				TEST_HOST = "$(BUILT_PRODUCTS_DIR)/UIWebViewDemo.app/UIWebViewDemo";
			};
			name = Release;
		};
		A1CC80A21E444B4200465A52 /* Debug */ = {
			isa = XCBuildConfiguration;
			buildSettings = {
				INFOPLIST_FILE = UIWebViewDemoUITests/Info.plist;
				LD_RUNPATH_SEARCH_PATHS = "$(inherited) @executable_path/Frameworks @loader_path/Frameworks";
				PRODUCT_BUNDLE_IDENTIFIER = xiaolin.UIWebViewDemoUITests;
				PRODUCT_NAME = "$(TARGET_NAME)";
				TEST_TARGET_NAME = UIWebViewDemo;
			};
			name = Debug;
		};
		A1CC80A31E444B4200465A52 /* Release */ = {
			isa = XCBuildConfiguration;
			buildSettings = {
				INFOPLIST_FILE = UIWebViewDemoUITests/Info.plist;
				LD_RUNPATH_SEARCH_PATHS = "$(inherited) @executable_path/Frameworks @loader_path/Frameworks";
				PRODUCT_BUNDLE_IDENTIFIER = xiaolin.UIWebViewDemoUITests;
				PRODUCT_NAME = "$(TARGET_NAME)";
				TEST_TARGET_NAME = UIWebViewDemo;
			};
			name = Release;
		};
/* End XCBuildConfiguration section */

/* Begin XCConfigurationList section */
		A1CC80691E444B4200465A52 /* Build configuration list for PBXProject "UIWebViewDemo" */ = {
			isa = XCConfigurationList;
			buildConfigurations = (
				A1CC80991E444B4200465A52 /* Debug */,
				A1CC809A1E444B4200465A52 /* Release */,
			);
			defaultConfigurationIsVisible = 0;
			defaultConfigurationName = Release;
		};
		A1CC809B1E444B4200465A52 /* Build configuration list for PBXNativeTarget "UIWebViewDemo" */ = {
			isa = XCConfigurationList;
			buildConfigurations = (
				A1CC809C1E444B4200465A52 /* Debug */,
				A1CC809D1E444B4200465A52 /* Release */,
			);
			defaultConfigurationIsVisible = 0;
		};
		A1CC809E1E444B4200465A52 /* Build configuration list for PBXNativeTarget "UIWebViewDemoTests" */ = {
			isa = XCConfigurationList;
			buildConfigurations = (
				A1CC809F1E444B4200465A52 /* Debug */,
				A1CC80A01E444B4200465A52 /* Release */,
			);
			defaultConfigurationIsVisible = 0;
		};
		A1CC80A11E444B4200465A52 /* Build configuration list for PBXNativeTarget "UIWebViewDemoUITests" */ = {
			isa = XCConfigurationList;
			buildConfigurations = (
				A1CC80A21E444B4200465A52 /* Debug */,
				A1CC80A31E444B4200465A52 /* Release */,
			);
			defaultConfigurationIsVisible = 0;
		};
/* End XCConfigurationList section */
	};
	rootObject = A1CC80661E444B4200465A52 /* Project object */;
}
